[[dependencies]]
name = "@openzeppelin-contracts"
version = "5.4.0"
url = "https://soldeer-revisions.s3.amazonaws.com/@openzeppelin-contracts/5_4_0_19-07-2025_08:59:41_contracts.zip"
checksum = "3dd38f17610dba4602bd008ee2cb551e51e97d7b4ce04e1ffdf853da832942fa"
integrity = "4eb0ef219d10ab5a5708adaae1132dc0a93ab6a193378486e842d606c989ff3e"

[[dependencies]]
name = "@openzeppelin-contracts-upgradeable"
version = "5.4.0"
url = "https://soldeer-revisions.s3.amazonaws.com/@openzeppelin-contracts-upgradeable/5_4_0_19-07-2025_08:59:45_contracts-upgradeable.zip"
checksum = "bc405f98749d27dc19e747f1e797f3df59ccf6c9781ab39369892eaf700ac40b"
integrity = "eeb22da11d2b7a8202e43a3a91978f0d9e6cdabfe006cf799f57282065267a1a"

[[dependencies]]
name = "@prb-math"
version = "4.1.0"
url = "https://soldeer-revisions.s3.amazonaws.com/@prb-math/4_1_0_22-10-2024_05:57:38_math.zip"
checksum = "66acf2a42311309c06ed71a8674d9c7feeecfcd5a9c15d76006c083cfce7e938"
integrity = "03266dc49f8be85438f5f7ce654ac700346862e5f927d17038481cf526ff4d62"

[[dependencies]]
name = "flare-periphery"
version = "0.1.34"
url = "https://soldeer-revisions.s3.amazonaws.com/flare-periphery/0_1_34_11-07-2025_08:28:15_soldeer-flare-periphery.zip"
checksum = "0e6d2db1038bb1a935c82ef283df61ddfd4a5d69c1dc11657e8774c0c680e0a6"
integrity = "11de17f144c0528675acf880ce687b4aa8ea04c4084feef0d861cf9e1dec89f7"

[[dependencies]]
name = "forge-std"
version = "1.10.0"
url = "https://soldeer-revisions.s3.amazonaws.com/forge-std/1_10_0_02-08-2025_06:50:35_forge-std-1.10.zip"
checksum = "8cc59e92a7762c170c15f2102c4f3718106dfc78239978fe87c64f316740cc09"
integrity = "3fd441e2499c5cf04ef9b4126f52150a50dcef9cac1645ff7a955345e947cd04"

[[dependencies]]
name = "smartcontractkit-chainlink"
version = "2.24.0"
url = "https://soldeer-revisions.s3.amazonaws.com/smartcontractkit-chainlink/2_24_0_30-05-2025_05:36:05_smartcontractkit-chainlink-2.24.zip"
checksum = "e864db91b14cd00d7c99672d1f6eb15daffcdc5c76239ff5d68d3503959099cf"
integrity = "b4113af4847d2c2eead63c7e11e37648c6d8eb870ad037b01c36756f4345ad09"
